
Microsoft Visual Studio Solution File, Format Version 12.00
# Visual Studio 15
VisualStudioVersion = 15.0.28307.572
MinimumVisualStudioVersion = 10.0.40219.1
Project("{8BC9CEB8-8B4A-11D0-8D11-00A0C91BC942}") = "京东笔试", "京东笔试\京东笔试.vcxproj", "{DFB25C1C-E95F-4F41-BA80-49663C3F64BA}"
EndProject
Global
	GlobalSection(SolutionConfigurationPlatforms) = preSolution
		Debug|x64 = Debug|x64
		Debug|x86 = Debug|x86
		Release|x64 = Release|x64
		Release|x86 = Release|x86
	EndGlobalSection
	GlobalSection(ProjectConfigurationPlatforms) = postSolution
		{DFB25C1C-E95F-4F41-BA80-49663C3F64BA}.Debug|x64.ActiveCfg = Debug|x64
		{DFB25C1C-E95F-4F41-BA80-49663C3F64BA}.Debug|x64.Build.0 = Debug|x64
		{DFB25C1C-E95F-4F41-BA80-49663C3F64BA}.Debug|x86.ActiveCfg = Debug|Win32
		{DFB25C1C-E95F-4F41-BA80-49663C3F64BA}.Debug|x86.Build.0 = Debug|Win32
		{DFB25C1C-E95F-4F41-BA80-49663C3F64BA}.Release|x64.ActiveCfg = Release|x64
		{DFB25C1C-E95F-4F41-BA80-49663C3F64BA}.Release|x64.Build.0 = Release|x64
		{DFB25C1C-E95F-4F41-BA80-49663C3F64BA}.Release|x86.ActiveCfg = Release|Win32
		{DFB25C1C-E95F-4F41-BA80-49663C3F64BA}.Release|x86.Build.0 = Release|Win32
	EndGlobalSection
	GlobalSection(SolutionProperties) = preSolution
		HideSolutionNode = FALSE
	EndGlobalSection
	GlobalSection(ExtensibilityGlobals) = postSolution
		SolutionGuid = {ADFED50A-6662-4E6E-8324-869614FF7B26}
	EndGlobalSection
EndGlobal
