
Microsoft Visual Studio Solution File, Format Version 12.00
# Visual Studio 15
VisualStudioVersion = 15.0.28307.572
MinimumVisualStudioVersion = 10.0.40219.1
Project("{8BC9CEB8-8B4A-11D0-8D11-00A0C91BC942}") = "东方财富笔试", "东方财富笔试\东方财富笔试.vcxproj", "{86A7E0F8-1199-46CC-A309-8B6DA9823747}"
EndProject
Global
	GlobalSection(SolutionConfigurationPlatforms) = preSolution
		Debug|x64 = Debug|x64
		Debug|x86 = Debug|x86
		Release|x64 = Release|x64
		Release|x86 = Release|x86
	EndGlobalSection
	GlobalSection(ProjectConfigurationPlatforms) = postSolution
		{86A7E0F8-1199-46CC-A309-8B6DA9823747}.Debug|x64.ActiveCfg = Debug|x64
		{86A7E0F8-1199-46CC-A309-8B6DA9823747}.Debug|x64.Build.0 = Debug|x64
		{86A7E0F8-1199-46CC-A309-8B6DA9823747}.Debug|x86.ActiveCfg = Debug|Win32
		{86A7E0F8-1199-46CC-A309-8B6DA9823747}.Debug|x86.Build.0 = Debug|Win32
		{86A7E0F8-1199-46CC-A309-8B6DA9823747}.Release|x64.ActiveCfg = Release|x64
		{86A7E0F8-1199-46CC-A309-8B6DA9823747}.Release|x64.Build.0 = Release|x64
		{86A7E0F8-1199-46CC-A309-8B6DA9823747}.Release|x86.ActiveCfg = Release|Win32
		{86A7E0F8-1199-46CC-A309-8B6DA9823747}.Release|x86.Build.0 = Release|Win32
	EndGlobalSection
	GlobalSection(SolutionProperties) = preSolution
		HideSolutionNode = FALSE
	EndGlobalSection
	GlobalSection(ExtensibilityGlobals) = postSolution
		SolutionGuid = {03AF9D14-413F-4D0C-9BC0-7F1D21DE25C6}
	EndGlobalSection
EndGlobal
